
Microsoft Visual Studio Solution File, Format Version 12.00
# Visual Studio 14
VisualStudioVersion = 14.0.23107.0
MinimumVisualStudioVersion = 10.0.40219.1
Project("{FAE04EC0-301F-11D3-BF4B-00C04F79EFBC}") = "LyricsFetcher", "LyricsFetcher\LyricsFetcher.csproj", "{34940714-A3A8-489E-9354-3AAF3E53DD6E}"
EndProject
Project("{FAE04EC0-301F-11D3-BF4B-00C04F79EFBC}") = "CommandLine", "CommandLine\CommandLine.csproj", "{566B565E-5E7E-43DB-94FC-7776730A9535}"
EndProject
Project("{FAE04EC0-301F-11D3-BF4B-00C04F79EFBC}") = "Tests", "Tests\Tests.csproj", "{B388C885-4AF0-4355-8001-2165A582B6CD}"
EndProject
Global
	GlobalSection(SolutionConfigurationPlatforms) = preSolution
		Debug|Any CPU = Debug|Any CPU
		Release|Any CPU = Release|Any CPU
	EndGlobalSection
	GlobalSection(ProjectConfigurationPlatforms) = postSolution
		{34940714-A3A8-489E-9354-3AAF3E53DD6E}.Debug|Any CPU.ActiveCfg = Debug|Any CPU
		{34940714-A3A8-489E-9354-3AAF3E53DD6E}.Debug|Any CPU.Build.0 = Debug|Any CPU
		{34940714-A3A8-489E-9354-3AAF3E53DD6E}.Release|Any CPU.ActiveCfg = Release|Any CPU
		{34940714-A3A8-489E-9354-3AAF3E53DD6E}.Release|Any CPU.Build.0 = Release|Any CPU
		{566B565E-5E7E-43DB-94FC-7776730A9535}.Debug|Any CPU.ActiveCfg = Debug|Any CPU
		{566B565E-5E7E-43DB-94FC-7776730A9535}.Debug|Any CPU.Build.0 = Debug|Any CPU
		{566B565E-5E7E-43DB-94FC-7776730A9535}.Release|Any CPU.ActiveCfg = Release|Any CPU
		{566B565E-5E7E-43DB-94FC-7776730A9535}.Release|Any CPU.Build.0 = Release|Any CPU
		{B388C885-4AF0-4355-8001-2165A582B6CD}.Debug|Any CPU.ActiveCfg = Debug|Any CPU
		{B388C885-4AF0-4355-8001-2165A582B6CD}.Debug|Any CPU.Build.0 = Debug|Any CPU
		{B388C885-4AF0-4355-8001-2165A582B6CD}.Release|Any CPU.ActiveCfg = Release|Any CPU
		{B388C885-4AF0-4355-8001-2165A582B6CD}.Release|Any CPU.Build.0 = Release|Any CPU
	EndGlobalSection
	GlobalSection(SolutionProperties) = preSolution
		HideSolutionNode = FALSE
	EndGlobalSection
EndGlobal
